{
  "nodes": {
    "home-manager": {
      "inputs": {
        "nixpkgs": [
          "nixpkgs"
        ]
      },
      "locked": {
        "lastModified": 1788146656,
        "narHash": "sha256-XmJmvk9rytTb7dCotO/aqR+YysB8HOqnprlOdv+LAF4=",
        "owner": "nix-community",
        "repo": "home-manager",
        "rev": "82c265faf4e3161d6015db07c9b0f1ee36a9029b",
        "type": "github"
      },
      "original": {
        "owner": "nix-community",
        "repo": "home-manager",
        "type": "github"
      }
    },
    "nixpkgs": {
      "locked": {
        "lastModified": 1788039129,
        "narHash": "sha256-pa4Q0qErvCvzCaaUph7Sm37RhR4xvPrYI8Lgz6k85+A=",
        "owner": "NixOS",
        "repo": "nixpkgs",
        "rev": "d2f67949798825fe853f7c5d0492b8bf016d3f88",
        "type": "github"
      },
      "original": {
        "owner": "NixOS",
        "ref": "nixos-unstable",
        "repo": "nixpkgs",
        "type": "github"
      }
    },
    "root": {
      "inputs": {
        "home-manager": "home-manager",
        "nixpkgs": "nixpkgs",
        "t480-fingerprint": "t480-fingerprint"
      }
    },
    "t480-fingerprint": {
      "inputs": {
        "nixpkgs": [
          "nixpkgs"
        ]
      },
      "locked": {
        "lastModified": 1786823131,
        "narHash": "sha256-V6dx5MpqZZaTWZN0Y77yLMR4/aKaLmoRaFq8Vps6OR8=",
        "owner": "viktor-grunwaldt",
        "repo": "t480-fingerprint-nixos",
        "rev": "74f9899daf4a272160a9190fa5c72dfbe6c7fb57",
        "type": "github"
      },
      "original": {
        "owner": "viktor-grunwaldt",
        "repo": "t480-fingerprint-nixos",
        "type": "github"
      }
    }
  },
  "root": "root",
  "version": 7
}
