{
  "nodes": {
    "home-manager": {
      "inputs": {
        "nixpkgs": [
          "nixpkgs"
        ]
      },
      "locked": {
        "lastModified": 1788355065,
        "narHash": "sha256-gAz5oTI7ur34CfuakQduiQd/2ZhO62Bn2XXg08nZYYQ=",
        "owner": "nix-community",
        "repo": "home-manager",
        "rev": "d9d750e4fc11c10cab2da677bdd31e427f3a3a71",
        "type": "github"
      },
      "original": {
        "owner": "nix-community",
        "repo": "home-manager",
        "type": "github"
      }
    },
    "nixpkgs": {
      "locked": {
        "lastModified": 1788179007,
        "narHash": "sha256-hn1oU2rue2SYK8dAr8+WNZWtbsz1S2W5mnHlSEuh3bo=",
        "owner": "NixOS",
        "repo": "nixpkgs",
        "rev": "34ab99075ac4f7e40cf037eef32cb1c360bb85e9",
        "type": "github"
      },
      "original": {
        "owner": "NixOS",
        "ref": "nixos-unstable",
        "repo": "nixpkgs",
        "type": "github"
      }
    },
    "root": {
      "inputs": {
        "home-manager": "home-manager",
        "nixpkgs": "nixpkgs",
        "t480-fingerprint": "t480-fingerprint"
      }
    },
    "t480-fingerprint": {
      "inputs": {
        "nixpkgs": [
          "nixpkgs"
        ]
      },
      "locked": {
        "lastModified": 1786823131,
        "narHash": "sha256-V6dx5MpqZZaTWZN0Y77yLMR4/aKaLmoRaFq8Vps6OR8=",
        "owner": "viktor-grunwaldt",
        "repo": "t480-fingerprint-nixos",
        "rev": "74f9899daf4a272160a9190fa5c72dfbe6c7fb57",
        "type": "github"
      },
      "original": {
        "owner": "viktor-grunwaldt",
        "repo": "t480-fingerprint-nixos",
        "type": "github"
      }
    }
  },
  "root": "root",
  "version": 7
}
